// !$*UTF8*$!
{
	archiveVersion = 1;
	classes = {
	};
	objectVersion = 46;
	objects = {

/* Begin PBXBuildFile section */
		C10356871AD5D53F00BAE906 /* AppDelegate.swift in Sources */ = {isa = PBXBuildFile; fileRef = C10356861AD5D53F00BAE906 /* AppDelegate.swift */; };
		C10356891AD5D53F00BAE906 /* ViewController.swift in Sources */ = {isa = PBXBuildFile; fileRef = C10356881AD5D53F00BAE906 /* ViewController.swift */; };
		C103568C1AD5D53F00BAE906 /* Main.storyboard in Resources */ = {isa = PBXBuildFile; fileRef = C103568A1AD5D53F00BAE906 /* Main.storyboard */; };
		C103568E1AD5D53F00BAE906 /* Images.xcassets in Resources */ = {isa = PBXBuildFile; fileRef = C103568D1AD5D53F00BAE906 /* Images.xcassets */; };
		C10356911AD5D53F00BAE906 /* LaunchScreen.xib in Resources */ = {isa = PBXBuildFile; fileRef = C103568F1AD5D53F00BAE906 /* LaunchScreen.xib */; };
		C10356A91AD5E67F00BAE906 /* SignInController.swift in Sources */ = {isa = PBXBuildFile; fileRef = C10356A81AD5E67F00BAE906 /* SignInController.swift */; };
		C11430DC1AD6028E00B66192 /* Alamofire.framework in Copy Frameworks */ = {isa = PBXBuildFile; fileRef = C1087EBE1AD5F7DE00B71571 /* Alamofire.framework */; settings = {ATTRIBUTES = (CodeSignOnCopy, RemoveHeadersOnCopy, ); }; };
/* End PBXBuildFile section */

/* Begin PBXContainerItemProxy section */
		C1087EBD1AD5F7DE00B71571 /* PBXContainerItemProxy */ = {
			isa = PBXContainerItemProxy;
			containerPortal = C1087EB61AD5F7DE00B71571 /* Alamofire.xcodeproj */;
			proxyType = 2;
			remoteGlobalIDString = F8111E3319A95C8B0040E7D1;
			remoteInfo = "Alamofire iOS";
		};
		C1087EBF1AD5F7DE00B71571 /* PBXContainerItemProxy */ = {
			isa = PBXContainerItemProxy;
			containerPortal = C1087EB61AD5F7DE00B71571 /* Alamofire.xcodeproj */;
			proxyType = 2;
			remoteGlobalIDString = 4DD67C0B1A5C55C900ED2280;
			remoteInfo = "Alamofire OSX";
		};
		C1087EC11AD5F7DE00B71571 /* PBXContainerItemProxy */ = {
			isa = PBXContainerItemProxy;
			containerPortal = C1087EB61AD5F7DE00B71571 /* Alamofire.xcodeproj */;
			proxyType = 2;
			remoteGlobalIDString = F8111E3E19A95C8B0040E7D1;
			remoteInfo = "Alamofire iOS Tests";
		};
		C1087EC31AD5F7DE00B71571 /* PBXContainerItemProxy */ = {
			isa = PBXContainerItemProxy;
			containerPortal = C1087EB61AD5F7DE00B71571 /* Alamofire.xcodeproj */;
			proxyType = 2;
			remoteGlobalIDString = F829C6B21A7A94F100A2CD59;
			remoteInfo = "Alamofire OSX Tests";
		};
		C11430D91AD6026D00B66192 /* PBXContainerItemProxy */ = {
			isa = PBXContainerItemProxy;
			containerPortal = C1087EB61AD5F7DE00B71571 /* Alamofire.xcodeproj */;
			proxyType = 1;
			remoteGlobalIDString = F8111E3219A95C8B0040E7D1;
			remoteInfo = "Alamofire iOS";
		};
/* End PBXContainerItemProxy section */

/* Begin PBXCopyFilesBuildPhase section */
		C11430DB1AD6027900B66192 /* Copy Frameworks */ = {
			isa = PBXCopyFilesBuildPhase;
			buildActionMask = 2147483647;
			dstPath = "";
			dstSubfolderSpec = 10;
			files = (
				C11430DC1AD6028E00B66192 /* Alamofire.framework in Copy Frameworks */,
			);
			name = "Copy Frameworks";
			runOnlyForDeploymentPostprocessing = 0;
		};
/* End PBXCopyFilesBuildPhase section */

/* Begin PBXFileReference section */
		C10356811AD5D53F00BAE906 /* BookSwap.app */ = {isa = PBXFileReference; explicitFileType = wrapper.application; includeInIndex = 0; path = BookSwap.app; sourceTree = BUILT_PRODUCTS_DIR; };
		C10356851AD5D53F00BAE906 /* Info.plist */ = {isa = PBXFileReference; lastKnownFileType = text.plist.xml; path = Info.plist; sourceTree = "<group>"; };
		C10356861AD5D53F00BAE906 /* AppDelegate.swift */ = {isa = PBXFileReference; lastKnownFileType = sourcecode.swift; path = AppDelegate.swift; sourceTree = "<group>"; };
		C10356881AD5D53F00BAE906 /* ViewController.swift */ = {isa = PBXFileReference; lastKnownFileType = sourcecode.swift; path = ViewController.swift; sourceTree = "<group>"; };
		C103568B1AD5D53F00BAE906 /* Base */ = {isa = PBXFileReference; lastKnownFileType = file.storyboard; name = Base; path = Base.lproj/Main.storyboard; sourceTree = "<group>"; };
		C103568D1AD5D53F00BAE906 /* Images.xcassets */ = {isa = PBXFileReference; lastKnownFileType = folder.assetcatalog; path = Images.xcassets; sourceTree = "<group>"; };
		C10356901AD5D53F00BAE906 /* Base */ = {isa = PBXFileReference; lastKnownFileType = file.xib; name = Base; path = Base.lproj/LaunchScreen.xib; sourceTree = "<group>"; };
		C103569B1AD5D53F00BAE906 /* Info.plist */ = {isa = PBXFileReference; lastKnownFileType = text.plist.xml; path = Info.plist; sourceTree = "<group>"; };
		C103569C1AD5D53F00BAE906 /* BookSwapTests.swift */ = {isa = PBXFileReference; lastKnownFileType = sourcecode.swift; path = BookSwapTests.swift; sourceTree = "<group>"; };
		C10356A81AD5E67F00BAE906 /* SignInController.swift */ = {isa = PBXFileReference; fileEncoding = 4; lastKnownFileType = sourcecode.swift; path = SignInController.swift; sourceTree = "<group>"; };
		C1087EB61AD5F7DE00B71571 /* Alamofire.xcodeproj */ = {isa = PBXFileReference; lastKnownFileType = "wrapper.pb-project"; path = Alamofire.xcodeproj; sourceTree = "<group>"; };
/* End PBXFileReference section */

/* Begin PBXFrameworksBuildPhase section */
		C103567E1AD5D53F00BAE906 /* Frameworks */ = {
			isa = PBXFrameworksBuildPhase;
			buildActionMask = 2147483647;
			files = (
			);
			runOnlyForDeploymentPostprocessing = 0;
		};
/* End PBXFrameworksBuildPhase section */

/* Begin PBXGroup section */
		C10356781AD5D53F00BAE906 = {
			isa = PBXGroup;
			children = (
				C1087EB61AD5F7DE00B71571 /* Alamofire.xcodeproj */,
				C10356831AD5D53F00BAE906 /* BookSwap */,
				C10356991AD5D53F00BAE906 /* BookSwapTests */,
				C10356821AD5D53F00BAE906 /* Products */,
			);
			sourceTree = "<group>";
		};
		C10356821AD5D53F00BAE906 /* Products */ = {
			isa = PBXGroup;
			children = (
				C10356811AD5D53F00BAE906 /* BookSwap.app */,
			);
			name = Products;
			sourceTree = "<group>";
		};
		C10356831AD5D53F00BAE906 /* BookSwap */ = {
			isa = PBXGroup;
			children = (
				C10356861AD5D53F00BAE906 /* AppDelegate.swift */,
				C10356881AD5D53F00BAE906 /* ViewController.swift */,
				C103568A1AD5D53F00BAE906 /* Main.storyboard */,
				C103568D1AD5D53F00BAE906 /* Images.xcassets */,
				C103568F1AD5D53F00BAE906 /* LaunchScreen.xib */,
				C10356841AD5D53F00BAE906 /* Supporting Files */,
				C10356A81AD5E67F00BAE906 /* SignInController.swift */,
			);
			path = BookSwap;
			sourceTree = "<group>";
		};
		C10356841AD5D53F00BAE906 /* Supporting Files */ = {
			isa = PBXGroup;
			children = (
				C10356851AD5D53F00BAE906 /* Info.plist */,
			);
			name = "Supporting Files";
			sourceTree = "<group>";
		};
		C10356991AD5D53F00BAE906 /* BookSwapTests */ = {
			isa = PBXGroup;
			children = (
				C103569C1AD5D53F00BAE906 /* BookSwapTests.swift */,
				C103569A1AD5D53F00BAE906 /* Supporting Files */,
			);
			path = BookSwapTests;
			sourceTree = "<group>";
		};
		C103569A1AD5D53F00BAE906 /* Supporting Files */ = {
			isa = PBXGroup;
			children = (
				C103569B1AD5D53F00BAE906 /* Info.plist */,
			);
			name = "Supporting Files";
			sourceTree = "<group>";
		};
		C1087EB71AD5F7DE00B71571 /* Products */ = {
			isa = PBXGroup;
			children = (
				C1087EBE1AD5F7DE00B71571 /* Alamofire.framework */,
				C1087EC01AD5F7DE00B71571 /* Alamofire.framework */,
				C1087EC21AD5F7DE00B71571 /* Alamofire iOS Tests.xctest */,
				C1087EC41AD5F7DE00B71571 /* Alamofire OSX Tests.xctest */,
			);
			name = Products;
			sourceTree = "<group>";
		};
/* End PBXGroup section */

/* Begin PBXNativeTarget section */
		C10356801AD5D53F00BAE906 /* BookSwap */ = {
			isa = PBXNativeTarget;
			buildConfigurationList = C10356A01AD5D53F00BAE906 /* Build configuration list for PBXNativeTarget "BookSwap" */;
			buildPhases = (
				C103567D1AD5D53F00BAE906 /* Sources */,
				C103567E1AD5D53F00BAE906 /* Frameworks */,
				C103567F1AD5D53F00BAE906 /* Resources */,
				C11430DB1AD6027900B66192 /* Copy Frameworks */,
			);
			buildRules = (
			);
			dependencies = (
				C11430DA1AD6026D00B66192 /* PBXTargetDependency */,
			);
			name = BookSwap;
			productName = BookSwap;
			productReference = C10356811AD5D53F00BAE906 /* BookSwap.app */;
			productType = "com.apple.product-type.application";
		};
/* End PBXNativeTarget section */

/* Begin PBXProject section */
		C10356791AD5D53F00BAE906 /* Project object */ = {
			isa = PBXProject;
			attributes = {
				LastUpgradeCheck = 0620;
				ORGANIZATIONNAME = "Book Swap";
				TargetAttributes = {
					C10356801AD5D53F00BAE906 = {
						CreatedOnToolsVersion = 6.2;
					};
				};
			};
			buildConfigurationList = C103567C1AD5D53F00BAE906 /* Build configuration list for PBXProject "BookSwap" */;
			compatibilityVersion = "Xcode 3.2";
			developmentRegion = English;
			hasScannedForEncodings = 0;
			knownRegions = (
				en,
				Base,
			);
			mainGroup = C10356781AD5D53F00BAE906;
			productRefGroup = C10356821AD5D53F00BAE906 /* Products */;
			projectDirPath = "";
			projectReferences = (
				{
					ProductGroup = C1087EB71AD5F7DE00B71571 /* Products */;
					ProjectRef = C1087EB61AD5F7DE00B71571 /* Alamofire.xcodeproj */;
				},
			);
			projectRoot = "";
			targets = (
				C10356801AD5D53F00BAE906 /* BookSwap */,
			);
		};
/* End PBXProject section */

/* Begin PBXReferenceProxy section */
		C1087EBE1AD5F7DE00B71571 /* Alamofire.framework */ = {
			isa = PBXReferenceProxy;
			fileType = wrapper.framework;
			path = Alamofire.framework;
			remoteRef = C1087EBD1AD5F7DE00B71571 /* PBXContainerItemProxy */;
			sourceTree = BUILT_PRODUCTS_DIR;
		};
		C1087EC01AD5F7DE00B71571 /* Alamofire.framework */ = {
			isa = PBXReferenceProxy;
			fileType = wrapper.framework;
			path = Alamofire.framework;
			remoteRef = C1087EBF1AD5F7DE00B71571 /* PBXContainerItemProxy */;
			sourceTree = BUILT_PRODUCTS_DIR;
		};
		C1087EC21AD5F7DE00B71571 /* Alamofire iOS Tests.xctest */ = {
			isa = PBXReferenceProxy;
			fileType = wrapper.cfbundle;
			path = "Alamofire iOS Tests.xctest";
			remoteRef = C1087EC11AD5F7DE00B71571 /* PBXContainerItemProxy */;
			sourceTree = BUILT_PRODUCTS_DIR;
		};
		C1087EC41AD5F7DE00B71571 /* Alamofire OSX Tests.xctest */ = {
			isa = PBXReferenceProxy;
			fileType = wrapper.cfbundle;
			path = "Alamofire OSX Tests.xctest";
			remoteRef = C1087EC31AD5F7DE00B71571 /* PBXContainerItemProxy */;
			sourceTree = BUILT_PRODUCTS_DIR;
		};
/* End PBXReferenceProxy section */

/* Begin PBXResourcesBuildPhase section */
		C103567F1AD5D53F00BAE906 /* Resources */ = {
			isa = PBXResourcesBuildPhase;
			buildActionMask = 2147483647;
			files = (
				C103568C1AD5D53F00BAE906 /* Main.storyboard in Resources */,
				C10356911AD5D53F00BAE906 /* LaunchScreen.xib in Resources */,
				C103568E1AD5D53F00BAE906 /* Images.xcassets in Resources */,
			);
			runOnlyForDeploymentPostprocessing = 0;
		};
/* End PBXResourcesBuildPhase section */

/* Begin PBXSourcesBuildPhase section */
		C103567D1AD5D53F00BAE906 /* Sources */ = {
			isa = PBXSourcesBuildPhase;
			buildActionMask = 2147483647;
			files = (
				C10356A91AD5E67F00BAE906 /* SignInController.swift in Sources */,
				C10356891AD5D53F00BAE906 /* ViewController.swift in Sources */,
				C10356871AD5D53F00BAE906 /* AppDelegate.swift in Sources */,
			);
			runOnlyForDeploymentPostprocessing = 0;
		};
/* End PBXSourcesBuildPhase section */

/* Begin PBXTargetDependency section */
		C11430DA1AD6026D00B66192 /* PBXTargetDependency */ = {
			isa = PBXTargetDependency;
			name = "Alamofire iOS";
			targetProxy = C11430D91AD6026D00B66192 /* PBXContainerItemProxy */;
		};
/* End PBXTargetDependency section */

/* Begin PBXVariantGroup section */
		C103568A1AD5D53F00BAE906 /* Main.storyboard */ = {
			isa = PBXVariantGroup;
			children = (
				C103568B1AD5D53F00BAE906 /* Base */,
			);
			name = Main.storyboard;
			sourceTree = "<group>";
		};
		C103568F1AD5D53F00BAE906 /* LaunchScreen.xib */ = {
			isa = PBXVariantGroup;
			children = (
				C10356901AD5D53F00BAE906 /* Base */,
			);
			name = LaunchScreen.xib;
			sourceTree = "<group>";
		};
/* End PBXVariantGroup section */

/* Begin XCBuildConfiguration section */
		C103569E1AD5D53F00BAE906 /* Debug */ = {
			isa = XCBuildConfiguration;
			buildSettings = {
				ALWAYS_SEARCH_USER_PATHS = NO;
				CLANG_CXX_LANGUAGE_STANDARD = "gnu++0x";
				CLANG_CXX_LIBRARY = "libc++";
				CLANG_ENABLE_MODULES = YES;
				CLANG_ENABLE_OBJC_ARC = YES;
				CLANG_WARN_BOOL_CONVERSION = YES;
				CLANG_WARN_CONSTANT_CONVERSION = YES;
				CLANG_WARN_DIRECT_OBJC_ISA_USAGE = YES_ERROR;
				CLANG_WARN_EMPTY_BODY = YES;
				CLANG_WARN_ENUM_CONVERSION = YES;
				CLANG_WARN_INT_CONVERSION = YES;
				CLANG_WARN_OBJC_ROOT_CLASS = YES_ERROR;
				CLANG_WARN_UNREACHABLE_CODE = YES;
				CLANG_WARN__DUPLICATE_METHOD_MATCH = YES;
				"CODE_SIGN_IDENTITY[sdk=iphoneos*]" = "iPhone Developer";
				COPY_PHASE_STRIP = NO;
				ENABLE_STRICT_OBJC_MSGSEND = YES;
				GCC_C_LANGUAGE_STANDARD = gnu99;
				GCC_DYNAMIC_NO_PIC = NO;
				GCC_OPTIMIZATION_LEVEL = 0;
				GCC_PREPROCESSOR_DEFINITIONS = (
					"DEBUG=1",
					"$(inherited)",
				);
				GCC_SYMBOLS_PRIVATE_EXTERN = NO;
				GCC_WARN_64_TO_32_BIT_CONVERSION = YES;
				GCC_WARN_ABOUT_RETURN_TYPE = YES_ERROR;
				GCC_WARN_UNDECLARED_SELECTOR = YES;
				GCC_WARN_UNINITIALIZED_AUTOS = YES_AGGRESSIVE;
				GCC_WARN_UNUSED_FUNCTION = YES;
				GCC_WARN_UNUSED_VARIABLE = YES;
				IPHONEOS_DEPLOYMENT_TARGET = 8.0;
				MTL_ENABLE_DEBUG_INFO = YES;
				ONLY_ACTIVE_ARCH = YES;
				SDKROOT = iphoneos;
				SWIFT_OPTIMIZATION_LEVEL = "-Onone";
				TARGETED_DEVICE_FAMILY = "1,2";
			};
			name = Debug;
		};
		C103569F1AD5D53F00BAE906 /* Release */ = {
			isa = XCBuildConfiguration;
			buildSettings = {
				ALWAYS_SEARCH_USER_PATHS = NO;
				CLANG_CXX_LANGUAGE_STANDARD = "gnu++0x";
				CLANG_CXX_LIBRARY = "libc++";
				CLANG_ENABLE_MODULES = YES;
				CLANG_ENABLE_OBJC_ARC = YES;
				CLANG_WARN_BOOL_CONVERSION = YES;
				CLANG_WARN_CONSTANT_CONVERSION = YES;
				CLANG_WARN_DIRECT_OBJC_ISA_USAGE = YES_ERROR;
				CLANG_WARN_EMPTY_BODY = YES;
				CLANG_WARN_ENUM_CONVERSION = YES;
				CLANG_WARN_INT_CONVERSION = YES;
				CLANG_WARN_OBJC_ROOT_CLASS = YES_ERROR;
				CLANG_WARN_UNREACHABLE_CODE = YES;
				CLANG_WARN__DUPLICATE_METHOD_MATCH = YES;
				"CODE_SIGN_IDENTITY[sdk=iphoneos*]" = "iPhone Developer";
				COPY_PHASE_STRIP = NO;
				ENABLE_NS_ASSERTIONS = NO;
				ENABLE_STRICT_OBJC_MSGSEND = YES;
				GCC_C_LANGUAGE_STANDARD = gnu99;
				GCC_WARN_64_TO_32_BIT_CONVERSION = YES;
				GCC_WARN_ABOUT_RETURN_TYPE = YES_ERROR;
				GCC_WARN_UNDECLARED_SELECTOR = YES;
				GCC_WARN_UNINITIALIZED_AUTOS = YES_AGGRESSIVE;
				GCC_WARN_UNUSED_FUNCTION = YES;
				GCC_WARN_UNUSED_VARIABLE = YES;
				IPHONEOS_DEPLOYMENT_TARGET = 8.0;
				MTL_ENABLE_DEBUG_INFO = NO;
				SDKROOT = iphoneos;
				TARGETED_DEVICE_FAMILY = "1,2";
				VALIDATE_PRODUCT = YES;
			};
			name = Release;
		};
		C10356A11AD5D53F00BAE906 /* Debug */ = {
			isa = XCBuildConfiguration;
			buildSettings = {
				ASSETCATALOG_COMPILER_APPICON_NAME = AppIcon;
				INFOPLIST_FILE = BookSwap/Info.plist;
				IPHONEOS_DEPLOYMENT_TARGET = 8.0;
				LD_RUNPATH_SEARCH_PATHS = "$(inherited) @executable_path/Frameworks";
				PRODUCT_NAME = "$(TARGET_NAME)";
			};
			name = Debug;
		};
		C10356A21AD5D53F00BAE906 /* Release */ = {
			isa = XCBuildConfiguration;
			buildSettings = {
				ASSETCATALOG_COMPILER_APPICON_NAME = AppIcon;
				INFOPLIST_FILE = BookSwap/Info.plist;
				IPHONEOS_DEPLOYMENT_TARGET = 8.0;
				LD_RUNPATH_SEARCH_PATHS = "$(inherited) @executable_path/Frameworks";
				PRODUCT_NAME = "$(TARGET_NAME)";
			};
			name = Release;
		};
/* End XCBuildConfiguration section */

/* Begin XCConfigurationList section */
		C103567C1AD5D53F00BAE906 /* Build configuration list for PBXProject "BookSwap" */ = {
			isa = XCConfigurationList;
			buildConfigurations = (
				C103569E1AD5D53F00BAE906 /* Debug */,
				C103569F1AD5D53F00BAE906 /* Release */,
			);
			defaultConfigurationIsVisible = 0;
			defaultConfigurationName = Release;
		};
		C10356A01AD5D53F00BAE906 /* Build configuration list for PBXNativeTarget "BookSwap" */ = {
			isa = XCConfigurationList;
			buildConfigurations = (
				C10356A11AD5D53F00BAE906 /* Debug */,
				C10356A21AD5D53F00BAE906 /* Release */,
			);
			defaultConfigurationIsVisible = 0;
			defaultConfigurationName = Release;
		};
/* End XCConfigurationList section */
	};
	rootObject = C10356791AD5D53F00BAE906 /* Project object */;
}
